# This file is automatically @generated by Cargo.
# It is not intended for manual editing.
version = 3

[[package]]
name = "decoder"
version = "0.1.0"

[[package]]
name = "evaluator"
version = "0.1.0"

[[package]]
name = "event-watcher"
version = "0.1.0"

[[package]]
name = "fetcher"
version = "0.1.0"

[[package]]
name = "task-generator"
version = "0.1.0"

[[package]]
name = "types"
version = "0.1.0"
